// !$*UTF8*$!
{
	archiveVersion = 1;
	classes = {
	};
	objectVersion = 56;
	objects = {

/* Begin PBXBuildFile section */
		13203B2192FBF5B4FEB6095E /* KovaleeAttribution in Frameworks */ = {isa = PBXBuildFile; productRef = A1DAD1767BC922A43FE24B30 /* KovaleeAttribution */; };
		366ECD9F2C89BF3300F7C5D1 /* AppDelegate.swift in Sources */ = {isa = PBXBuildFile; fileRef = 366ECD9E2C89BF3300F7C5D1 /* AppDelegate.swift */; };
		366ECDA32C89ECCB00F7C5D1 /* UserTracking.swift in Sources */ = {isa = PBXBuildFile; fileRef = 366ECDA22C89ECCB00F7C5D1 /* UserTracking.swift */; };
		366ECDA62C89FBD500F7C5D1 /* KovaleeSDK in Frameworks */ = {isa = PBXBuildFile; productRef = 366ECDA52C89FBD500F7C5D1 /* KovaleeSDK */; };
		366ECDA82C89FBD500F7C5D1 /* KovaleeAttribution in Frameworks */ = {isa = PBXBuildFile; productRef = 366ECDA72C89FBD500F7C5D1 /* KovaleeAttribution */; };
		366ECDAA2C89FBD500F7C5D1 /* KovaleeRemoteConfig in Frameworks */ = {isa = PBXBuildFile; productRef = 366ECDA92C89FBD500F7C5D1 /* KovaleeRemoteConfig */; };
		366ECDAC2C89FBD500F7C5D1 /* KovaleePurchases in Frameworks */ = {isa = PBXBuildFile; productRef = 366ECDAB2C89FBD500F7C5D1 /* KovaleePurchases */; };
		36E9BA422C738B3600389DCB /* TodoItem.swift in Sources */ = {isa = PBXBuildFile; fileRef = 36E9BA412C738B3600389DCB /* TodoItem.swift */; };
		36E9BA442C738D4E00389DCB /* TodoList.swift in Sources */ = {isa = PBXBuildFile; fileRef = 36E9BA432C738D4E00389DCB /* TodoList.swift */; };
		36E9BA462C738E8700389DCB /* TodoManager.swift in Sources */ = {isa = PBXBuildFile; fileRef = 36E9BA452C738E8700389DCB /* TodoManager.swift */; };
		36E9BA492C74887D00389DCB /* MockData.swift in Sources */ = {isa = PBXBuildFile; fileRef = 36E9BA482C74887D00389DCB /* MockData.swift */; };
		36E9BA4F2C74C70900389DCB /* ListView.swift in Sources */ = {isa = PBXBuildFile; fileRef = 36E9BA4E2C74C70900389DCB /* ListView.swift */; };
		36E9BA512C75D4C500389DCB /* ElementView.swift in Sources */ = {isa = PBXBuildFile; fileRef = 36E9BA502C75D4C500389DCB /* ElementView.swift */; };
		36E9BA532C7734B200389DCB /* AddEditItemView.swift in Sources */ = {isa = PBXBuildFile; fileRef = 36E9BA522C7734B200389DCB /* AddEditItemView.swift */; };
		36E9BA922C7DD6BD00389DCB /* Storage.swift in Sources */ = {isa = PBXBuildFile; fileRef = 36E9BA912C7DD6BD00389DCB /* Storage.swift */; };
		36E9BA942C807E8A00389DCB /* Notification.swift in Sources */ = {isa = PBXBuildFile; fileRef = 36E9BA932C807E8900389DCB /* Notification.swift */; };
		36E9BA962C80C74A00389DCB /* PayWallView.swift in Sources */ = {isa = PBXBuildFile; fileRef = 36E9BA952C80C74A00389DCB /* PayWallView.swift */; };
		36E9BA982C81BF1E00389DCB /* Subscription.swift in Sources */ = {isa = PBXBuildFile; fileRef = 36E9BA972C81BF1E00389DCB /* Subscription.swift */; };
		36E9BAA02C81EE3500389DCB /* WidgetKit.framework in Frameworks */ = {isa = PBXBuildFile; fileRef = 36E9BA9F2C81EE3500389DCB /* WidgetKit.framework */; };
		36E9BAA22C81EE3500389DCB /* SwiftUI.framework in Frameworks */ = {isa = PBXBuildFile; fileRef = 36E9BAA12C81EE3500389DCB /* SwiftUI.framework */; };
		36E9BAA52C81EE3500389DCB /* MinimalDoWidgetBundle.swift in Sources */ = {isa = PBXBuildFile; fileRef = 36E9BAA42C81EE3500389DCB /* MinimalDoWidgetBundle.swift */; };
		36E9BAA72C81EE3500389DCB /* MinimalDoWidget.swift in Sources */ = {isa = PBXBuildFile; fileRef = 36E9BAA62C81EE3500389DCB /* MinimalDoWidget.swift */; };
		36E9BAA92C81EE3700389DCB /* Assets.xcassets in Resources */ = {isa = PBXBuildFile; fileRef = 36E9BAA82C81EE3700389DCB /* Assets.xcassets */; };
		36E9BAAD2C81EE3700389DCB /* MinimalDoWidgetExtension.appex in Embed Foundation Extensions */ = {isa = PBXBuildFile; fileRef = 36E9BA9D2C81EE3400389DCB /* MinimalDoWidgetExtension.appex */; settings = {ATTRIBUTES = (RemoveHeadersOnCopy, ); }; };
		36E9BAB32C81FB4B00389DCB /* TodoItem.swift in Sources */ = {isa = PBXBuildFile; fileRef = 36E9BA412C738B3600389DCB /* TodoItem.swift */; };
		36E9BAB42C81FB4F00389DCB /* TodoList.swift in Sources */ = {isa = PBXBuildFile; fileRef = 36E9BA432C738D4E00389DCB /* TodoList.swift */; };
		36E9BAB52C81FB5100389DCB /* TodoManager.swift in Sources */ = {isa = PBXBuildFile; fileRef = 36E9BA452C738E8700389DCB /* TodoManager.swift */; };
		36E9BAB62C81FB5C00389DCB /* Storage.swift in Sources */ = {isa = PBXBuildFile; fileRef = 36E9BA912C7DD6BD00389DCB /* Storage.swift */; };
		36E9BABF2C85EC6700389DCB /* Subscription.swift in Sources */ = {isa = PBXBuildFile; fileRef = 36E9BA972C81BF1E00389DCB /* Subscription.swift */; };
		36E9BAC62C85FA8100389DCB /* SelectListIntent.swift in Sources */ = {isa = PBXBuildFile; fileRef = 36E9BAC42C85FA8100389DCB /* SelectListIntent.swift */; };
		36E9BACD2C87169100389DCB /* ToggleItemIntent.swift in Sources */ = {isa = PBXBuildFile; fileRef = 36E9BACB2C87169100389DCB /* ToggleItemIntent.swift */; };
		36E9BAD02C87639200389DCB /* SettingsView.swift in Sources */ = {isa = PBXBuildFile; fileRef = 36E9BACF2C87639200389DCB /* SettingsView.swift */; };
		36E9BAD62C88563600389DCB /* SelectListIntent.swift in Sources */ = {isa = PBXBuildFile; fileRef = 36E9BAC42C85FA8100389DCB /* SelectListIntent.swift */; };
		36E9BADA2C885E4600389DCB /* ItemDetailsView.swift in Sources */ = {isa = PBXBuildFile; fileRef = 36E9BAD92C885E4500389DCB /* ItemDetailsView.swift */; };
		36E9BADC2C88647500389DCB /* ListDetailsView.swift in Sources */ = {isa = PBXBuildFile; fileRef = 36E9BADB2C88647500389DCB /* ListDetailsView.swift */; };
		36E9BADD2C88880000389DCB /* MockData.swift in Sources */ = {isa = PBXBuildFile; fileRef = 36E9BA482C74887D00389DCB /* MockData.swift */; };
		379ED7167DED834C7D2875C1 /* KovaleePurchases in Frameworks */ = {isa = PBXBuildFile; productRef = C0A70684C23E89174FD645E7 /* KovaleePurchases */; };
		4182862D2C627B2B0022E621 /* MinimalDoApp.swift in Sources */ = {isa = PBXBuildFile; fileRef = 4182862C2C627B2B0022E621 /* MinimalDoApp.swift */; };
		4182862F2C627B2B0022E621 /* ContentView.swift in Sources */ = {isa = PBXBuildFile; fileRef = 4182862E2C627B2B0022E621 /* ContentView.swift */; };
		418286312C627B2C0022E621 /* Assets.xcassets in Resources */ = {isa = PBXBuildFile; fileRef = 418286302C627B2C0022E621 /* Assets.xcassets */; };
		418286342C627B2C0022E621 /* Preview Assets.xcassets in Resources */ = {isa = PBXBuildFile; fileRef = 418286332C627B2C0022E621 /* Preview Assets.xcassets */; };
		50145AB91E37453A4EA7C3D3 /* KovaleeKeys.json in Resources */ = {isa = PBXBuildFile; fileRef = 3590D7B6484E8D364774E55C /* KovaleeKeys.json */; };
		9A20D7123EED46AE8357866E /* GoogleService-Info.plist in Resources */ = {isa = PBXBuildFile; fileRef = 8A2275E4B72E9A0EE63726A0 /* GoogleService-Info.plist */; };
		C6E99097897145C443097CEC /* KovaleeRemoteConfig in Frameworks */ = {isa = PBXBuildFile; productRef = 42DE91DB4F0EDAF7CC9974BC /* KovaleeRemoteConfig */; };
		F28141E6B8706B032E07F533 /* KovaleeSDK in Frameworks */ = {isa = PBXBuildFile; productRef = 77C252E9AEA6706FD8EFCAA4 /* KovaleeSDK */; };
/* End PBXBuildFile section */

/* Begin PBXContainerItemProxy section */
		36E9BAAB2C81EE3700389DCB /* PBXContainerItemProxy */ = {
			isa = PBXContainerItemProxy;
			containerPortal = 418286212C627B2B0022E621 /* Project object */;
			proxyType = 1;
			remoteGlobalIDString = 36E9BA9C2C81EE3400389DCB;
			remoteInfo = MinimalDoWidgetExtension;
		};
/* End PBXContainerItemProxy section */

/* Begin PBXCopyFilesBuildPhase section */
		36E9BAAE2C81EE3700389DCB /* Embed Foundation Extensions */ = {
			isa = PBXCopyFilesBuildPhase;
			buildActionMask = 2147483647;
			dstPath = "";
			dstSubfolderSpec = 13;
			files = (
				36E9BAAD2C81EE3700389DCB /* MinimalDoWidgetExtension.appex in Embed Foundation Extensions */,
			);
			name = "Embed Foundation Extensions";
			runOnlyForDeploymentPostprocessing = 0;
		};
/* End PBXCopyFilesBuildPhase section */

/* Begin PBXFileReference section */
		3590D7B6484E8D364774E55C /* KovaleeKeys.json */ = {isa = PBXFileReference; lastKnownFileType = text.json; name = KovaleeKeys.json; path = KovaleeScripts/KovaleeKeys.json; sourceTree = "<group>"; };
		366ECD9E2C89BF3300F7C5D1 /* AppDelegate.swift */ = {isa = PBXFileReference; lastKnownFileType = sourcecode.swift; path = AppDelegate.swift; sourceTree = "<group>"; };
		366ECDA22C89ECCB00F7C5D1 /* UserTracking.swift */ = {isa = PBXFileReference; lastKnownFileType = sourcecode.swift; path = UserTracking.swift; sourceTree = "<group>"; };
		36E9BA412C738B3600389DCB /* TodoItem.swift */ = {isa = PBXFileReference; lastKnownFileType = sourcecode.swift; path = TodoItem.swift; sourceTree = "<group>"; };
		36E9BA432C738D4E00389DCB /* TodoList.swift */ = {isa = PBXFileReference; lastKnownFileType = sourcecode.swift; path = TodoList.swift; sourceTree = "<group>"; };
		36E9BA452C738E8700389DCB /* TodoManager.swift */ = {isa = PBXFileReference; lastKnownFileType = sourcecode.swift; path = TodoManager.swift; sourceTree = "<group>"; };
		36E9BA482C74887D00389DCB /* MockData.swift */ = {isa = PBXFileReference; lastKnownFileType = sourcecode.swift; path = MockData.swift; sourceTree = "<group>"; };
		36E9BA4E2C74C70900389DCB /* ListView.swift */ = {isa = PBXFileReference; lastKnownFileType = sourcecode.swift; path = ListView.swift; sourceTree = "<group>"; };
		36E9BA502C75D4C500389DCB /* ElementView.swift */ = {isa = PBXFileReference; lastKnownFileType = sourcecode.swift; path = ElementView.swift; sourceTree = "<group>"; };
		36E9BA522C7734B200389DCB /* AddEditItemView.swift */ = {isa = PBXFileReference; lastKnownFileType = sourcecode.swift; path = AddEditItemView.swift; sourceTree = "<group>"; };
		36E9BA912C7DD6BD00389DCB /* Storage.swift */ = {isa = PBXFileReference; lastKnownFileType = sourcecode.swift; path = Storage.swift; sourceTree = "<group>"; };
		36E9BA932C807E8900389DCB /* Notification.swift */ = {isa = PBXFileReference; lastKnownFileType = sourcecode.swift; path = Notification.swift; sourceTree = "<group>"; };
		36E9BA952C80C74A00389DCB /* PayWallView.swift */ = {isa = PBXFileReference; lastKnownFileType = sourcecode.swift; path = PayWallView.swift; sourceTree = "<group>"; };
		36E9BA972C81BF1E00389DCB /* Subscription.swift */ = {isa = PBXFileReference; lastKnownFileType = sourcecode.swift; path = Subscription.swift; sourceTree = "<group>"; };
		36E9BA9D2C81EE3400389DCB /* MinimalDoWidgetExtension.appex */ = {isa = PBXFileReference; explicitFileType = "wrapper.app-extension"; includeInIndex = 0; path = MinimalDoWidgetExtension.appex; sourceTree = BUILT_PRODUCTS_DIR; };
		36E9BA9F2C81EE3500389DCB /* WidgetKit.framework */ = {isa = PBXFileReference; lastKnownFileType = wrapper.framework; name = WidgetKit.framework; path = System/Library/Frameworks/WidgetKit.framework; sourceTree = SDKROOT; };
		36E9BAA12C81EE3500389DCB /* SwiftUI.framework */ = {isa = PBXFileReference; lastKnownFileType = wrapper.framework; name = SwiftUI.framework; path = System/Library/Frameworks/SwiftUI.framework; sourceTree = SDKROOT; };
		36E9BAA42C81EE3500389DCB /* MinimalDoWidgetBundle.swift */ = {isa = PBXFileReference; lastKnownFileType = sourcecode.swift; path = MinimalDoWidgetBundle.swift; sourceTree = "<group>"; };
		36E9BAA62C81EE3500389DCB /* MinimalDoWidget.swift */ = {isa = PBXFileReference; lastKnownFileType = sourcecode.swift; path = MinimalDoWidget.swift; sourceTree = "<group>"; };
		36E9BAA82C81EE3700389DCB /* Assets.xcassets */ = {isa = PBXFileReference; lastKnownFileType = folder.assetcatalog; path = Assets.xcassets; sourceTree = "<group>"; };
		36E9BAAA2C81EE3700389DCB /* Info.plist */ = {isa = PBXFileReference; lastKnownFileType = text.plist.xml; path = Info.plist; sourceTree = "<group>"; };
		36E9BAB22C81FA4A00389DCB /* MinimalDo.entitlements */ = {isa = PBXFileReference; lastKnownFileType = text.plist.entitlements; path = MinimalDo.entitlements; sourceTree = "<group>"; };
		36E9BABB2C85BC9F00389DCB /* MinimalDoWidgetExtension.entitlements */ = {isa = PBXFileReference; lastKnownFileType = text.plist.entitlements; path = MinimalDoWidgetExtension.entitlements; sourceTree = SOURCE_ROOT; };
		36E9BAC42C85FA8100389DCB /* SelectListIntent.swift */ = {isa = PBXFileReference; lastKnownFileType = sourcecode.swift; path = SelectListIntent.swift; sourceTree = "<group>"; };
		36E9BACB2C87169100389DCB /* ToggleItemIntent.swift */ = {isa = PBXFileReference; lastKnownFileType = sourcecode.swift; path = ToggleItemIntent.swift; sourceTree = "<group>"; };
		36E9BACF2C87639200389DCB /* SettingsView.swift */ = {isa = PBXFileReference; lastKnownFileType = sourcecode.swift; path = SettingsView.swift; sourceTree = "<group>"; };
		36E9BAD92C885E4500389DCB /* ItemDetailsView.swift */ = {isa = PBXFileReference; lastKnownFileType = sourcecode.swift; path = ItemDetailsView.swift; sourceTree = "<group>"; };
		36E9BADB2C88647500389DCB /* ListDetailsView.swift */ = {isa = PBXFileReference; lastKnownFileType = sourcecode.swift; path = ListDetailsView.swift; sourceTree = "<group>"; };
		418286292C627B2B0022E621 /* MinimalDo.app */ = {isa = PBXFileReference; explicitFileType = wrapper.application; includeInIndex = 0; path = MinimalDo.app; sourceTree = BUILT_PRODUCTS_DIR; };
		4182862C2C627B2B0022E621 /* MinimalDoApp.swift */ = {isa = PBXFileReference; lastKnownFileType = sourcecode.swift; path = MinimalDoApp.swift; sourceTree = "<group>"; };
		4182862E2C627B2B0022E621 /* ContentView.swift */ = {isa = PBXFileReference; lastKnownFileType = sourcecode.swift; path = ContentView.swift; sourceTree = "<group>"; };
		418286302C627B2C0022E621 /* Assets.xcassets */ = {isa = PBXFileReference; lastKnownFileType = folder.assetcatalog; path = Assets.xcassets; sourceTree = "<group>"; };
		418286332C627B2C0022E621 /* Preview Assets.xcassets */ = {isa = PBXFileReference; lastKnownFileType = folder.assetcatalog; path = "Preview Assets.xcassets"; sourceTree = "<group>"; };
		8A2275E4B72E9A0EE63726A0 /* GoogleService-Info.plist */ = {isa = PBXFileReference; lastKnownFileType = text.plist.xml; name = "GoogleService-Info.plist"; path = "KovaleeScripts/GoogleService-Info.plist"; sourceTree = "<group>"; };
/* End PBXFileReference section */

/* Begin PBXFrameworksBuildPhase section */
		36E9BA9A2C81EE3400389DCB /* Frameworks */ = {
			isa = PBXFrameworksBuildPhase;
			buildActionMask = 2147483647;
			files = (
				366ECDAA2C89FBD500F7C5D1 /* KovaleeRemoteConfig in Frameworks */,
				36E9BAA22C81EE3500389DCB /* SwiftUI.framework in Frameworks */,
				36E9BAA02C81EE3500389DCB /* WidgetKit.framework in Frameworks */,
				366ECDA82C89FBD500F7C5D1 /* KovaleeAttribution in Frameworks */,
				366ECDA62C89FBD500F7C5D1 /* KovaleeSDK in Frameworks */,
				366ECDAC2C89FBD500F7C5D1 /* KovaleePurchases in Frameworks */,
			);
			runOnlyForDeploymentPostprocessing = 0;
		};
		418286262C627B2B0022E621 /* Frameworks */ = {
			isa = PBXFrameworksBuildPhase;
			buildActionMask = 2147483647;
			files = (
				F28141E6B8706B032E07F533 /* KovaleeSDK in Frameworks */,
				13203B2192FBF5B4FEB6095E /* KovaleeAttribution in Frameworks */,
				C6E99097897145C443097CEC /* KovaleeRemoteConfig in Frameworks */,
				379ED7167DED834C7D2875C1 /* KovaleePurchases in Frameworks */,
			);
			runOnlyForDeploymentPostprocessing = 0;
		};
/* End PBXFrameworksBuildPhase section */

/* Begin PBXGroup section */
		36A6D4D32C73889F000148AC /* Sources */ = {
			isa = PBXGroup;
			children = (
				366ECD9E2C89BF3300F7C5D1 /* AppDelegate.swift */,
				4182862C2C627B2B0022E621 /* MinimalDoApp.swift */,
				36E9BA902C7DD6AC00389DCB /* Services */,
				36E9BA402C738B2600389DCB /* DataModels */,
				4182863B2C627B510022E621 /* Views */,
			);
			path = Sources;
			sourceTree = "<group>";
		};
		36E9BA402C738B2600389DCB /* DataModels */ = {
			isa = PBXGroup;
			children = (
				36E9BA412C738B3600389DCB /* TodoItem.swift */,
				36E9BA432C738D4E00389DCB /* TodoList.swift */,
				36E9BA452C738E8700389DCB /* TodoManager.swift */,
				36E9BA482C74887D00389DCB /* MockData.swift */,
			);
			path = DataModels;
			sourceTree = "<group>";
		};
		36E9BA902C7DD6AC00389DCB /* Services */ = {
			isa = PBXGroup;
			children = (
				36E9BA912C7DD6BD00389DCB /* Storage.swift */,
				36E9BA932C807E8900389DCB /* Notification.swift */,
				36E9BA972C81BF1E00389DCB /* Subscription.swift */,
				366ECDA22C89ECCB00F7C5D1 /* UserTracking.swift */,
			);
			path = Services;
			sourceTree = "<group>";
		};
		36E9BA9E2C81EE3500389DCB /* Frameworks */ = {
			isa = PBXGroup;
			children = (
				36E9BA9F2C81EE3500389DCB /* WidgetKit.framework */,
				36E9BAA12C81EE3500389DCB /* SwiftUI.framework */,
			);
			name = Frameworks;
			sourceTree = "<group>";
		};
		36E9BAA32C81EE3500389DCB /* MinimalDoWidget */ = {
			isa = PBXGroup;
			children = (
				36E9BABB2C85BC9F00389DCB /* MinimalDoWidgetExtension.entitlements */,
				36E9BAD12C88522700389DCB /* Assets */,
				36E9BAD32C8852E800389DCB /* Sources */,
				36E9BAAA2C81EE3700389DCB /* Info.plist */,
			);
			path = MinimalDoWidget;
			sourceTree = "<group>";
		};
		36E9BAD12C88522700389DCB /* Assets */ = {
			isa = PBXGroup;
			children = (
				36E9BAA82C81EE3700389DCB /* Assets.xcassets */,
			);
			path = Assets;
			sourceTree = "<group>";
		};
		36E9BAD32C8852E800389DCB /* Sources */ = {
			isa = PBXGroup;
			children = (
				36E9BAA42C81EE3500389DCB /* MinimalDoWidgetBundle.swift */,
				36E9BAD42C88530B00389DCB /* Views */,
				36E9BAD52C88532500389DCB /* Intents */,
			);
			path = Sources;
			sourceTree = "<group>";
		};
		36E9BAD42C88530B00389DCB /* Views */ = {
			isa = PBXGroup;
			children = (
				36E9BAA62C81EE3500389DCB /* MinimalDoWidget.swift */,
				36E9BAD92C885E4500389DCB /* ItemDetailsView.swift */,
				36E9BADB2C88647500389DCB /* ListDetailsView.swift */,
			);
			path = Views;
			sourceTree = "<group>";
		};
		36E9BAD52C88532500389DCB /* Intents */ = {
			isa = PBXGroup;
			children = (
				36E9BAC42C85FA8100389DCB /* SelectListIntent.swift */,
				36E9BACB2C87169100389DCB /* ToggleItemIntent.swift */,
			);
			path = Intents;
			sourceTree = "<group>";
		};
		418286202C627B2B0022E621 = {
			isa = PBXGroup;
			children = (
				4182862B2C627B2B0022E621 /* MinimalDo */,
				36E9BAA32C81EE3500389DCB /* MinimalDoWidget */,
				36E9BA9E2C81EE3500389DCB /* Frameworks */,
				4182862A2C627B2B0022E621 /* Products */,
				A96A6FC517F7C8B24B06BA94 /* Kovalee */,
			);
			sourceTree = "<group>";
		};
		4182862A2C627B2B0022E621 /* Products */ = {
			isa = PBXGroup;
			children = (
				418286292C627B2B0022E621 /* MinimalDo.app */,
				36E9BA9D2C81EE3400389DCB /* MinimalDoWidgetExtension.appex */,
			);
			name = Products;
			sourceTree = "<group>";
		};
		4182862B2C627B2B0022E621 /* MinimalDo */ = {
			isa = PBXGroup;
			children = (
				36E9BAB22C81FA4A00389DCB /* MinimalDo.entitlements */,
				4182863A2C627B450022E621 /* Assets */,
				36A6D4D32C73889F000148AC /* Sources */,
			);
			path = MinimalDo;
			sourceTree = "<group>";
		};
		418286322C627B2C0022E621 /* Preview Content */ = {
			isa = PBXGroup;
			children = (
				418286332C627B2C0022E621 /* Preview Assets.xcassets */,
			);
			path = "Preview Content";
			sourceTree = "<group>";
		};
		4182863A2C627B450022E621 /* Assets */ = {
			isa = PBXGroup;
			children = (
				418286322C627B2C0022E621 /* Preview Content */,
				418286302C627B2C0022E621 /* Assets.xcassets */,
			);
			path = Assets;
			sourceTree = "<group>";
		};
		4182863B2C627B510022E621 /* Views */ = {
			isa = PBXGroup;
			children = (
				4182862E2C627B2B0022E621 /* ContentView.swift */,
				36E9BA4E2C74C70900389DCB /* ListView.swift */,
				36E9BA502C75D4C500389DCB /* ElementView.swift */,
				36E9BA522C7734B200389DCB /* AddEditItemView.swift */,
				36E9BA952C80C74A00389DCB /* PayWallView.swift */,
				36E9BACF2C87639200389DCB /* SettingsView.swift */,
			);
			path = Views;
			sourceTree = "<group>";
		};
		A96A6FC517F7C8B24B06BA94 /* Kovalee */ = {
			isa = PBXGroup;
			children = (
				3590D7B6484E8D364774E55C /* KovaleeKeys.json */,
				8A2275E4B72E9A0EE63726A0 /* GoogleService-Info.plist */,
			);
			name = Kovalee;
			path = ./;
			sourceTree = SOURCE_ROOT;
		};
/* End PBXGroup section */

/* Begin PBXNativeTarget section */
		36E9BA9C2C81EE3400389DCB /* MinimalDoWidgetExtension */ = {
			isa = PBXNativeTarget;
			buildConfigurationList = 36E9BAB12C81EE3700389DCB /* Build configuration list for PBXNativeTarget "MinimalDoWidgetExtension" */;
			buildPhases = (
				36E9BA992C81EE3400389DCB /* Sources */,
				36E9BA9A2C81EE3400389DCB /* Frameworks */,
				36E9BA9B2C81EE3400389DCB /* Resources */,
			);
			buildRules = (
			);
			dependencies = (
			);
			name = MinimalDoWidgetExtension;
			packageProductDependencies = (
				366ECDA52C89FBD500F7C5D1 /* KovaleeSDK */,
				366ECDA72C89FBD500F7C5D1 /* KovaleeAttribution */,
				366ECDA92C89FBD500F7C5D1 /* KovaleeRemoteConfig */,
				366ECDAB2C89FBD500F7C5D1 /* KovaleePurchases */,
			);
			productName = MinimalDoWidgetExtension;
			productReference = 36E9BA9D2C81EE3400389DCB /* MinimalDoWidgetExtension.appex */;
			productType = "com.apple.product-type.app-extension";
		};
		418286282C627B2B0022E621 /* MinimalDo */ = {
			isa = PBXNativeTarget;
			buildConfigurationList = 418286372C627B2C0022E621 /* Build configuration list for PBXNativeTarget "MinimalDo" */;
			buildPhases = (
				418286252C627B2B0022E621 /* Sources */,
				418286262C627B2B0022E621 /* Frameworks */,
				418286272C627B2B0022E621 /* Resources */,
				36E9BA472C7392B000389DCB /* ShellScript */,
				36E9BAAE2C81EE3700389DCB /* Embed Foundation Extensions */,
				F248AAD2F99B893AB934B7CD /* Crashlytics */,
			);
			buildRules = (
			);
			dependencies = (
				36E9BAAC2C81EE3700389DCB /* PBXTargetDependency */,
			);
			name = MinimalDo;
			packageProductDependencies = (
				77C252E9AEA6706FD8EFCAA4 /* KovaleeSDK */,
				A1DAD1767BC922A43FE24B30 /* KovaleeAttribution */,
				42DE91DB4F0EDAF7CC9974BC /* KovaleeRemoteConfig */,
				C0A70684C23E89174FD645E7 /* KovaleePurchases */,
			);
			productName = MinimalDo;
			productReference = 418286292C627B2B0022E621 /* MinimalDo.app */;
			productType = "com.apple.product-type.application";
		};
/* End PBXNativeTarget section */

/* Begin PBXProject section */
		418286212C627B2B0022E621 /* Project object */ = {
			isa = PBXProject;
			attributes = {
				BuildIndependentTargetsInParallel = 1;
				LastSwiftUpdateCheck = 1540;
				LastUpgradeCheck = 1530;
				TargetAttributes = {
					36E9BA9C2C81EE3400389DCB = {
						CreatedOnToolsVersion = 15.4;
					};
					418286282C627B2B0022E621 = {
						CreatedOnToolsVersion = 15.3;
					};
				};
			};
			buildConfigurationList = 418286242C627B2B0022E621 /* Build configuration list for PBXProject "MinimalDo" */;
			compatibilityVersion = "Xcode 14.0";
			developmentRegion = en;
			hasScannedForEncodings = 0;
			knownRegions = (
				en,
				Base,
			);
			mainGroup = 418286202C627B2B0022E621;
			packageReferences = (
				D5A21B549E430901C5CB268A /* XCRemoteSwiftPackageReference "Kovalee-iOS-SDK" */,
				D99163B87BC62CF23F0E72E9 /* XCRemoteSwiftPackageReference "KovaleeAttribution-iOS" */,
				7DEB5964439FBB5B968E47EA /* XCRemoteSwiftPackageReference "KovaleeRemoteConfig-iOS" */,
				193923BF6715F719E9E1BBC5 /* XCRemoteSwiftPackageReference "KovaleePurchases-iOS" */,
			);
			productRefGroup = 4182862A2C627B2B0022E621 /* Products */;
			projectDirPath = "";
			projectRoot = "";
			targets = (
				418286282C627B2B0022E621 /* MinimalDo */,
				36E9BA9C2C81EE3400389DCB /* MinimalDoWidgetExtension */,
			);
		};
/* End PBXProject section */

/* Begin PBXResourcesBuildPhase section */
		36E9BA9B2C81EE3400389DCB /* Resources */ = {
			isa = PBXResourcesBuildPhase;
			buildActionMask = 2147483647;
			files = (
				36E9BAA92C81EE3700389DCB /* Assets.xcassets in Resources */,
			);
			runOnlyForDeploymentPostprocessing = 0;
		};
		418286272C627B2B0022E621 /* Resources */ = {
			isa = PBXResourcesBuildPhase;
			buildActionMask = 2147483647;
			files = (
				418286342C627B2C0022E621 /* Preview Assets.xcassets in Resources */,
				418286312C627B2C0022E621 /* Assets.xcassets in Resources */,
				50145AB91E37453A4EA7C3D3 /* KovaleeKeys.json in Resources */,
				9A20D7123EED46AE8357866E /* GoogleService-Info.plist in Resources */,
			);
			runOnlyForDeploymentPostprocessing = 0;
		};
/* End PBXResourcesBuildPhase section */

/* Begin PBXShellScriptBuildPhase section */
		36E9BA472C7392B000389DCB /* ShellScript */ = {
			isa = PBXShellScriptBuildPhase;
			buildActionMask = 2147483647;
			files = (
			);
			inputFileListPaths = (
			);
			inputPaths = (
			);
			outputFileListPaths = (
			);
			outputPaths = (
			);
			runOnlyForDeploymentPostprocessing = 0;
			shellPath = /bin/sh;
			shellScript = "# Type a script or drag a script file from your workspace to insert its path.\nif [[ \"$(uname -m)\" == arm64 ]]; then\n    export PATH=\"/opt/homebrew/bin:$PATH\"\nfi\n\nif which swiftlint > /dev/null; then\n  swiftlint\nelse\n  echo \"warning: SwiftLint not installed, download from https://github.com/realm/SwiftLint\"\nfi\n";
		};
		F248AAD2F99B893AB934B7CD /* Crashlytics */ = {
			isa = PBXShellScriptBuildPhase;
			buildActionMask = 2147483647;
			files = (
			);
			inputPaths = (
				"${DWARF_DSYM_FOLDER_PATH}/${DWARF_DSYM_FILE_NAME}",
				"${DWARF_DSYM_FOLDER_PATH}/${DWARF_DSYM_FILE_NAME}/Contents/Resources/DWARF/${PRODUCT_NAME}",
				"${DWARF_DSYM_FOLDER_PATH}/${DWARF_DSYM_FILE_NAME}/Contents/Info.plist",
				"$(BUILT_PRODUCTS_DIR)/$(UNLOCALIZED_RESOURCES_FOLDER_PATH)/GoogleService-Info.plist",
				"$(BUILT_PRODUCTS_DIR)/$(EXECUTABLE_PATH)",
			);
			name = Crashlytics;
			outputPaths = (
			);
			runOnlyForDeploymentPostprocessing = 0;
			shellPath = /bin/sh;
			shellScript = "${BUILD_DIR%/Build/*}/SourcePackages/checkouts/firebase-ios-sdk/Crashlytics/run\n";
		};
/* End PBXShellScriptBuildPhase section */

/* Begin PBXSourcesBuildPhase section */
		36E9BA992C81EE3400389DCB /* Sources */ = {
			isa = PBXSourcesBuildPhase;
			buildActionMask = 2147483647;
			files = (
				36E9BAB52C81FB5100389DCB /* TodoManager.swift in Sources */,
				36E9BADD2C88880000389DCB /* MockData.swift in Sources */,
				36E9BADA2C885E4600389DCB /* ItemDetailsView.swift in Sources */,
				36E9BAA72C81EE3500389DCB /* MinimalDoWidget.swift in Sources */,
				36E9BACD2C87169100389DCB /* ToggleItemIntent.swift in Sources */,
				36E9BAB32C81FB4B00389DCB /* TodoItem.swift in Sources */,
				36E9BADC2C88647500389DCB /* ListDetailsView.swift in Sources */,
				36E9BAA52C81EE3500389DCB /* MinimalDoWidgetBundle.swift in Sources */,
				36E9BABF2C85EC6700389DCB /* Subscription.swift in Sources */,
				36E9BAB42C81FB4F00389DCB /* TodoList.swift in Sources */,
				36E9BAB62C81FB5C00389DCB /* Storage.swift in Sources */,
				36E9BAC62C85FA8100389DCB /* SelectListIntent.swift in Sources */,
			);
			runOnlyForDeploymentPostprocessing = 0;
		};
		418286252C627B2B0022E621 /* Sources */ = {
			isa = PBXSourcesBuildPhase;
			buildActionMask = 2147483647;
			files = (
				36E9BA462C738E8700389DCB /* TodoManager.swift in Sources */,
				36E9BA532C7734B200389DCB /* AddEditItemView.swift in Sources */,
				36E9BA512C75D4C500389DCB /* ElementView.swift in Sources */,
				36E9BA492C74887D00389DCB /* MockData.swift in Sources */,
				4182862F2C627B2B0022E621 /* ContentView.swift in Sources */,
				36E9BA4F2C74C70900389DCB /* ListView.swift in Sources */,
				366ECDA32C89ECCB00F7C5D1 /* UserTracking.swift in Sources */,
				36E9BA982C81BF1E00389DCB /* Subscription.swift in Sources */,
				36E9BAD02C87639200389DCB /* SettingsView.swift in Sources */,
				366ECD9F2C89BF3300F7C5D1 /* AppDelegate.swift in Sources */,
				36E9BA442C738D4E00389DCB /* TodoList.swift in Sources */,
				36E9BA422C738B3600389DCB /* TodoItem.swift in Sources */,
				36E9BA942C807E8A00389DCB /* Notification.swift in Sources */,
				4182862D2C627B2B0022E621 /* MinimalDoApp.swift in Sources */,
				36E9BAD62C88563600389DCB /* SelectListIntent.swift in Sources */,
				36E9BA922C7DD6BD00389DCB /* Storage.swift in Sources */,
				36E9BA962C80C74A00389DCB /* PayWallView.swift in Sources */,
			);
			runOnlyForDeploymentPostprocessing = 0;
		};
/* End PBXSourcesBuildPhase section */

/* Begin PBXTargetDependency section */
		36E9BAAC2C81EE3700389DCB /* PBXTargetDependency */ = {
			isa = PBXTargetDependency;
			target = 36E9BA9C2C81EE3400389DCB /* MinimalDoWidgetExtension */;
			targetProxy = 36E9BAAB2C81EE3700389DCB /* PBXContainerItemProxy */;
		};
/* End PBXTargetDependency section */

/* Begin XCBuildConfiguration section */
		36E9BAAF2C81EE3700389DCB /* Debug */ = {
			isa = XCBuildConfiguration;
			buildSettings = {
				ASSETCATALOG_COMPILER_GLOBAL_ACCENT_COLOR_NAME = AccentColor;
				ASSETCATALOG_COMPILER_WIDGET_BACKGROUND_COLOR_NAME = WidgetBackground;
				CODE_SIGN_ENTITLEMENTS = MinimalDoWidgetExtension.entitlements;
				CODE_SIGN_STYLE = Automatic;
				CURRENT_PROJECT_VERSION = 1;
				DEVELOPMENT_TEAM = 8JC7C732LB;
				ENABLE_USER_SCRIPT_SANDBOXING = YES;
				GENERATE_INFOPLIST_FILE = YES;
				INFOPLIST_FILE = MinimalDoWidget/Info.plist;
				INFOPLIST_KEY_CFBundleDisplayName = MinimalDoWidget;
				INFOPLIST_KEY_NSHumanReadableCopyright = "";
				IPHONEOS_DEPLOYMENT_TARGET = 17.0;
				LD_RUNPATH_SEARCH_PATHS = (
					"$(inherited)",
					"@executable_path/Frameworks",
					"@executable_path/../../Frameworks",
				);
				MARKETING_VERSION = 1.0;
				PRODUCT_BUNDLE_IDENTIFIER = com.kovalee.MinimalDo.MinimalDoWidget;
				PRODUCT_NAME = "$(TARGET_NAME)";
				SKIP_INSTALL = YES;
				SWIFT_EMIT_LOC_STRINGS = YES;
				SWIFT_VERSION = 5.0;
				TARGETED_DEVICE_FAMILY = "1,2";
			};
			name = Debug;
		};
		36E9BAB02C81EE3700389DCB /* Release */ = {
			isa = XCBuildConfiguration;
			buildSettings = {
				ASSETCATALOG_COMPILER_GLOBAL_ACCENT_COLOR_NAME = AccentColor;
				ASSETCATALOG_COMPILER_WIDGET_BACKGROUND_COLOR_NAME = WidgetBackground;
				CODE_SIGN_ENTITLEMENTS = MinimalDoWidgetExtension.entitlements;
				CODE_SIGN_STYLE = Automatic;
				CURRENT_PROJECT_VERSION = 1;
				DEVELOPMENT_TEAM = 8JC7C732LB;
				ENABLE_USER_SCRIPT_SANDBOXING = YES;
				GENERATE_INFOPLIST_FILE = YES;
				INFOPLIST_FILE = MinimalDoWidget/Info.plist;
				INFOPLIST_KEY_CFBundleDisplayName = MinimalDoWidget;
				INFOPLIST_KEY_NSHumanReadableCopyright = "";
				IPHONEOS_DEPLOYMENT_TARGET = 17.0;
				LD_RUNPATH_SEARCH_PATHS = (
					"$(inherited)",
					"@executable_path/Frameworks",
					"@executable_path/../../Frameworks",
				);
				MARKETING_VERSION = 1.0;
				PRODUCT_BUNDLE_IDENTIFIER = com.kovalee.MinimalDo.MinimalDoWidget;
				PRODUCT_NAME = "$(TARGET_NAME)";
				SKIP_INSTALL = YES;
				SWIFT_EMIT_LOC_STRINGS = YES;
				SWIFT_VERSION = 5.0;
				TARGETED_DEVICE_FAMILY = "1,2";
			};
			name = Release;
		};
		418286352C627B2C0022E621 /* Debug */ = {
			isa = XCBuildConfiguration;
			buildSettings = {
				ALWAYS_SEARCH_USER_PATHS = NO;
				ASSETCATALOG_COMPILER_GENERATE_SWIFT_ASSET_SYMBOL_EXTENSIONS = YES;
				CLANG_ANALYZER_NONNULL = YES;
				CLANG_ANALYZER_NUMBER_OBJECT_CONVERSION = YES_AGGRESSIVE;
				CLANG_CXX_LANGUAGE_STANDARD = "gnu++20";
				CLANG_ENABLE_MODULES = YES;
				CLANG_ENABLE_OBJC_ARC = YES;
				CLANG_ENABLE_OBJC_WEAK = YES;
				CLANG_WARN_BLOCK_CAPTURE_AUTORELEASING = YES;
				CLANG_WARN_BOOL_CONVERSION = YES;
				CLANG_WARN_COMMA = YES;
				CLANG_WARN_CONSTANT_CONVERSION = YES;
				CLANG_WARN_DEPRECATED_OBJC_IMPLEMENTATIONS = YES;
				CLANG_WARN_DIRECT_OBJC_ISA_USAGE = YES_ERROR;
				CLANG_WARN_DOCUMENTATION_COMMENTS = YES;
				CLANG_WARN_EMPTY_BODY = YES;
				CLANG_WARN_ENUM_CONVERSION = YES;
				CLANG_WARN_INFINITE_RECURSION = YES;
				CLANG_WARN_INT_CONVERSION = YES;
				CLANG_WARN_NON_LITERAL_NULL_CONVERSION = YES;
				CLANG_WARN_OBJC_IMPLICIT_RETAIN_SELF = YES;
				CLANG_WARN_OBJC_LITERAL_CONVERSION = YES;
				CLANG_WARN_OBJC_ROOT_CLASS = YES_ERROR;
				CLANG_WARN_QUOTED_INCLUDE_IN_FRAMEWORK_HEADER = YES;
				CLANG_WARN_RANGE_LOOP_ANALYSIS = YES;
				CLANG_WARN_STRICT_PROTOTYPES = YES;
				CLANG_WARN_SUSPICIOUS_MOVE = YES;
				CLANG_WARN_UNGUARDED_AVAILABILITY = YES_AGGRESSIVE;
				CLANG_WARN_UNREACHABLE_CODE = YES;
				CLANG_WARN__DUPLICATE_METHOD_MATCH = YES;
				COPY_PHASE_STRIP = NO;
				DEBUG_INFORMATION_FORMAT = dwarf;
				ENABLE_STRICT_OBJC_MSGSEND = YES;
				ENABLE_TESTABILITY = YES;
				ENABLE_USER_SCRIPT_SANDBOXING = NO;
				GCC_C_LANGUAGE_STANDARD = gnu17;
				GCC_DYNAMIC_NO_PIC = NO;
				GCC_NO_COMMON_BLOCKS = YES;
				GCC_OPTIMIZATION_LEVEL = 0;
				GCC_PREPROCESSOR_DEFINITIONS = (
					"DEBUG=1",
					"$(inherited)",
				);
				GCC_WARN_64_TO_32_BIT_CONVERSION = YES;
				GCC_WARN_ABOUT_RETURN_TYPE = YES_ERROR;
				GCC_WARN_UNDECLARED_SELECTOR = YES;
				GCC_WARN_UNINITIALIZED_AUTOS = YES_AGGRESSIVE;
				GCC_WARN_UNUSED_FUNCTION = YES;
				GCC_WARN_UNUSED_VARIABLE = YES;
				IPHONEOS_DEPLOYMENT_TARGET = 17.4;
				LOCALIZATION_PREFERS_STRING_CATALOGS = YES;
				MTL_ENABLE_DEBUG_INFO = INCLUDE_SOURCE;
				MTL_FAST_MATH = YES;
				ONLY_ACTIVE_ARCH = YES;
				SDKROOT = iphoneos;
				SWIFT_ACTIVE_COMPILATION_CONDITIONS = "DEBUG $(inherited)";
				SWIFT_OPTIMIZATION_LEVEL = "-Onone";
			};
			name = Debug;
		};
		418286362C627B2C0022E621 /* Release */ = {
			isa = XCBuildConfiguration;
			buildSettings = {
				ALWAYS_SEARCH_USER_PATHS = NO;
				ASSETCATALOG_COMPILER_GENERATE_SWIFT_ASSET_SYMBOL_EXTENSIONS = YES;
				CLANG_ANALYZER_NONNULL = YES;
				CLANG_ANALYZER_NUMBER_OBJECT_CONVERSION = YES_AGGRESSIVE;
				CLANG_CXX_LANGUAGE_STANDARD = "gnu++20";
				CLANG_ENABLE_MODULES = YES;
				CLANG_ENABLE_OBJC_ARC = YES;
				CLANG_ENABLE_OBJC_WEAK = YES;
				CLANG_WARN_BLOCK_CAPTURE_AUTORELEASING = YES;
				CLANG_WARN_BOOL_CONVERSION = YES;
				CLANG_WARN_COMMA = YES;
				CLANG_WARN_CONSTANT_CONVERSION = YES;
				CLANG_WARN_DEPRECATED_OBJC_IMPLEMENTATIONS = YES;
				CLANG_WARN_DIRECT_OBJC_ISA_USAGE = YES_ERROR;
				CLANG_WARN_DOCUMENTATION_COMMENTS = YES;
				CLANG_WARN_EMPTY_BODY = YES;
				CLANG_WARN_ENUM_CONVERSION = YES;
				CLANG_WARN_INFINITE_RECURSION = YES;
				CLANG_WARN_INT_CONVERSION = YES;
				CLANG_WARN_NON_LITERAL_NULL_CONVERSION = YES;
				CLANG_WARN_OBJC_IMPLICIT_RETAIN_SELF = YES;
				CLANG_WARN_OBJC_LITERAL_CONVERSION = YES;
				CLANG_WARN_OBJC_ROOT_CLASS = YES_ERROR;
				CLANG_WARN_QUOTED_INCLUDE_IN_FRAMEWORK_HEADER = YES;
				CLANG_WARN_RANGE_LOOP_ANALYSIS = YES;
				CLANG_WARN_STRICT_PROTOTYPES = YES;
				CLANG_WARN_SUSPICIOUS_MOVE = YES;
				CLANG_WARN_UNGUARDED_AVAILABILITY = YES_AGGRESSIVE;
				CLANG_WARN_UNREACHABLE_CODE = YES;
				CLANG_WARN__DUPLICATE_METHOD_MATCH = YES;
				COPY_PHASE_STRIP = NO;
				DEBUG_INFORMATION_FORMAT = "dwarf-with-dsym";
				ENABLE_NS_ASSERTIONS = NO;
				ENABLE_STRICT_OBJC_MSGSEND = YES;
				ENABLE_USER_SCRIPT_SANDBOXING = NO;
				GCC_C_LANGUAGE_STANDARD = gnu17;
				GCC_NO_COMMON_BLOCKS = YES;
				GCC_WARN_64_TO_32_BIT_CONVERSION = YES;
				GCC_WARN_ABOUT_RETURN_TYPE = YES_ERROR;
				GCC_WARN_UNDECLARED_SELECTOR = YES;
				GCC_WARN_UNINITIALIZED_AUTOS = YES_AGGRESSIVE;
				GCC_WARN_UNUSED_FUNCTION = YES;
				GCC_WARN_UNUSED_VARIABLE = YES;
				IPHONEOS_DEPLOYMENT_TARGET = 17.4;
				LOCALIZATION_PREFERS_STRING_CATALOGS = YES;
				MTL_ENABLE_DEBUG_INFO = NO;
				MTL_FAST_MATH = YES;
				SDKROOT = iphoneos;
				SWIFT_COMPILATION_MODE = wholemodule;
				VALIDATE_PRODUCT = YES;
			};
			name = Release;
		};
		418286382C627B2C0022E621 /* Debug */ = {
			isa = XCBuildConfiguration;
			buildSettings = {
				ALWAYS_EMBED_SWIFT_STANDARD_LIBRARIES = YES;
				ASSETCATALOG_COMPILER_APPICON_NAME = AppIcon;
				ASSETCATALOG_COMPILER_GLOBAL_ACCENT_COLOR_NAME = AccentColor;
				CODE_SIGN_ENTITLEMENTS = MinimalDo/MinimalDo.entitlements;
				CODE_SIGN_STYLE = Automatic;
				CURRENT_PROJECT_VERSION = 1;
				DEBUG_INFORMATION_FORMAT = "dwarf-with-dsym";
				DEVELOPMENT_ASSET_PATHS = "\"MinimalDo/Assets/Preview Content\"";
				DEVELOPMENT_TEAM = 8JC7C732LB;
				ENABLE_PREVIEWS = YES;
				GENERATE_INFOPLIST_FILE = YES;
				INFOPLIST_FILE = ./KovaleeScripts/KInfo.plist;
				INFOPLIST_KEY_LSApplicationCategoryType = "public.app-category.productivity";
				INFOPLIST_KEY_UIApplicationSceneManifest_Generation = YES;
				INFOPLIST_KEY_UIApplicationSupportsIndirectInputEvents = YES;
				INFOPLIST_KEY_UILaunchScreen_Generation = YES;
				INFOPLIST_KEY_UISupportedInterfaceOrientations = UIInterfaceOrientationPortrait;
				IPHONEOS_DEPLOYMENT_TARGET = 17.0;
				LD_RUNPATH_SEARCH_PATHS = (
					"$(inherited)",
					"@executable_path/Frameworks",
				);
				MARKETING_VERSION = 1.0;
				PRODUCT_BUNDLE_IDENTIFIER = com.kovalee.MinimalDo;
				PRODUCT_NAME = "$(TARGET_NAME)";
				SWIFT_EMIT_LOC_STRINGS = YES;
				SWIFT_VERSION = 5.0;
				TARGETED_DEVICE_FAMILY = "1,2";
			};
			name = Debug;
		};
		418286392C627B2C0022E621 /* Release */ = {
			isa = XCBuildConfiguration;
			buildSettings = {
				ALWAYS_EMBED_SWIFT_STANDARD_LIBRARIES = YES;
				ASSETCATALOG_COMPILER_APPICON_NAME = AppIcon;
				ASSETCATALOG_COMPILER_GLOBAL_ACCENT_COLOR_NAME = AccentColor;
				CODE_SIGN_ENTITLEMENTS = MinimalDo/MinimalDo.entitlements;
				CODE_SIGN_STYLE = Automatic;
				CURRENT_PROJECT_VERSION = 1;
				DEBUG_INFORMATION_FORMAT = "dwarf-with-dsym";
				DEVELOPMENT_ASSET_PATHS = "\"MinimalDo/Assets/Preview Content\"";
				DEVELOPMENT_TEAM = 8JC7C732LB;
				ENABLE_PREVIEWS = YES;
				GENERATE_INFOPLIST_FILE = YES;
				INFOPLIST_FILE = ./KovaleeScripts/KInfo.plist;
				INFOPLIST_KEY_LSApplicationCategoryType = "public.app-category.productivity";
				INFOPLIST_KEY_UIApplicationSceneManifest_Generation = YES;
				INFOPLIST_KEY_UIApplicationSupportsIndirectInputEvents = YES;
				INFOPLIST_KEY_UILaunchScreen_Generation = YES;
				INFOPLIST_KEY_UISupportedInterfaceOrientations = UIInterfaceOrientationPortrait;
				IPHONEOS_DEPLOYMENT_TARGET = 17.0;
				LD_RUNPATH_SEARCH_PATHS = (
					"$(inherited)",
					"@executable_path/Frameworks",
				);
				MARKETING_VERSION = 1.0;
				PRODUCT_BUNDLE_IDENTIFIER = com.kovalee.MinimalDo;
				PRODUCT_NAME = "$(TARGET_NAME)";
				SWIFT_EMIT_LOC_STRINGS = YES;
				SWIFT_VERSION = 5.0;
				TARGETED_DEVICE_FAMILY = "1,2";
			};
			name = Release;
		};
/* End XCBuildConfiguration section */

/* Begin XCConfigurationList section */
		36E9BAB12C81EE3700389DCB /* Build configuration list for PBXNativeTarget "MinimalDoWidgetExtension" */ = {
			isa = XCConfigurationList;
			buildConfigurations = (
				36E9BAAF2C81EE3700389DCB /* Debug */,
				36E9BAB02C81EE3700389DCB /* Release */,
			);
			defaultConfigurationIsVisible = 0;
			defaultConfigurationName = Release;
		};
		418286242C627B2B0022E621 /* Build configuration list for PBXProject "MinimalDo" */ = {
			isa = XCConfigurationList;
			buildConfigurations = (
				418286352C627B2C0022E621 /* Debug */,
				418286362C627B2C0022E621 /* Release */,
			);
			defaultConfigurationIsVisible = 0;
			defaultConfigurationName = Release;
		};
		418286372C627B2C0022E621 /* Build configuration list for PBXNativeTarget "MinimalDo" */ = {
			isa = XCConfigurationList;
			buildConfigurations = (
				418286382C627B2C0022E621 /* Debug */,
				418286392C627B2C0022E621 /* Release */,
			);
			defaultConfigurationIsVisible = 0;
			defaultConfigurationName = Release;
		};
/* End XCConfigurationList section */

/* Begin XCRemoteSwiftPackageReference section */
		193923BF6715F719E9E1BBC5 /* XCRemoteSwiftPackageReference "KovaleePurchases-iOS" */ = {
			isa = XCRemoteSwiftPackageReference;
			repositoryURL = "https://github.com/cotyapps/KovaleePurchases-iOS.git";
			requirement = {
				kind = upToNextMajorVersion;
				minimumVersion = 1.0.0;
			};
		};
		7DEB5964439FBB5B968E47EA /* XCRemoteSwiftPackageReference "KovaleeRemoteConfig-iOS" */ = {
			isa = XCRemoteSwiftPackageReference;
			repositoryURL = "https://github.com/cotyapps/KovaleeRemoteConfig-iOS.git";
			requirement = {
				kind = upToNextMajorVersion;
				minimumVersion = 1.0.0;
			};
		};
		D5A21B549E430901C5CB268A /* XCRemoteSwiftPackageReference "Kovalee-iOS-SDK" */ = {
			isa = XCRemoteSwiftPackageReference;
			repositoryURL = "https://github.com/cotyapps/Kovalee-iOS-SDK.git";
			requirement = {
				kind = upToNextMajorVersion;
				minimumVersion = 1.0.0;
			};
		};
		D99163B87BC62CF23F0E72E9 /* XCRemoteSwiftPackageReference "KovaleeAttribution-iOS" */ = {
			isa = XCRemoteSwiftPackageReference;
			repositoryURL = "https://github.com/cotyapps/KovaleeAttribution-iOS.git";
			requirement = {
				kind = upToNextMajorVersion;
				minimumVersion = 1.0.0;
			};
		};
/* End XCRemoteSwiftPackageReference section */

/* Begin XCSwiftPackageProductDependency section */
		366ECDA52C89FBD500F7C5D1 /* KovaleeSDK */ = {
			isa = XCSwiftPackageProductDependency;
			package = D5A21B549E430901C5CB268A /* XCRemoteSwiftPackageReference "Kovalee-iOS-SDK" */;
			productName = KovaleeSDK;
		};
		366ECDA72C89FBD500F7C5D1 /* KovaleeAttribution */ = {
			isa = XCSwiftPackageProductDependency;
			package = D99163B87BC62CF23F0E72E9 /* XCRemoteSwiftPackageReference "KovaleeAttribution-iOS" */;
			productName = KovaleeAttribution;
		};
		366ECDA92C89FBD500F7C5D1 /* KovaleeRemoteConfig */ = {
			isa = XCSwiftPackageProductDependency;
			package = 7DEB5964439FBB5B968E47EA /* XCRemoteSwiftPackageReference "KovaleeRemoteConfig-iOS" */;
			productName = KovaleeRemoteConfig;
		};
		366ECDAB2C89FBD500F7C5D1 /* KovaleePurchases */ = {
			isa = XCSwiftPackageProductDependency;
			package = 193923BF6715F719E9E1BBC5 /* XCRemoteSwiftPackageReference "KovaleePurchases-iOS" */;
			productName = KovaleePurchases;
		};
		42DE91DB4F0EDAF7CC9974BC /* KovaleeRemoteConfig */ = {
			isa = XCSwiftPackageProductDependency;
			package = 7DEB5964439FBB5B968E47EA /* XCRemoteSwiftPackageReference "KovaleeRemoteConfig-iOS" */;
			productName = KovaleeRemoteConfig;
		};
		77C252E9AEA6706FD8EFCAA4 /* KovaleeSDK */ = {
			isa = XCSwiftPackageProductDependency;
			package = D5A21B549E430901C5CB268A /* XCRemoteSwiftPackageReference "Kovalee-iOS-SDK" */;
			productName = KovaleeSDK;
		};
		A1DAD1767BC922A43FE24B30 /* KovaleeAttribution */ = {
			isa = XCSwiftPackageProductDependency;
			package = D99163B87BC62CF23F0E72E9 /* XCRemoteSwiftPackageReference "KovaleeAttribution-iOS" */;
			productName = KovaleeAttribution;
		};
		C0A70684C23E89174FD645E7 /* KovaleePurchases */ = {
			isa = XCSwiftPackageProductDependency;
			package = 193923BF6715F719E9E1BBC5 /* XCRemoteSwiftPackageReference "KovaleePurchases-iOS" */;
			productName = KovaleePurchases;
		};
/* End XCSwiftPackageProductDependency section */
	};
	rootObject = 418286212C627B2B0022E621 /* Project object */;
}
